{
    "_readme": [
        "This file locks the dependencies of your project to a known state",
        "Read more about it at https://getcomposer.org/doc/01-basic-usage.md#installing-dependencies",
        "This file is @generated automatically"
    ],
    "content-hash": "cdca9cc10f1df82d703c76ec3793b243",
    "packages": [
        {
            "name": "vaites/php-apache-tika",
            "version": "v0.9.2",
            "source": {
                "type": "git",
                "url": "https://github.com/vaites/php-apache-tika.git",
                "reference": "1a19cd31bc49b8641399e150e867075eccc73213"
            },
            "dist": {
                "type": "zip",
                "url": "https://api.github.com/repos/vaites/php-apache-tika/zipball/1a19cd31bc49b8641399e150e867075eccc73213",
                "reference": "1a19cd31bc49b8641399e150e867075eccc73213",
                "shasum": ""
            },
            "require": {
                "ext-curl": "*",
                "php": ">=5.4.0"
            },
            "require-dev": {
                "phpunit/phpunit": "^4.8"
            },
            "type": "library",
            "autoload": {
                "psr-4": {
                    "Vaites\\ApacheTika\\": "src/"
                }
            },
            "notification-url": "https://packagist.org/downloads/",
            "license": [
                "MIT"
            ],
            "authors": [
                {
                    "name": "David Martínez",
                    "email": "contacto@davidmartinez.net"
                }
            ],
            "description": "Apache Tika bindings for PHP: extracts text from documents and images (with OCR), metadata and more...",
            "keywords": [
                "OCR",
                "apache",
                "doc",
                "documents",
                "docx",
                "odt",
                "office",
                "pdf",
                "ppt",
                "pptx",
                "tika"
            ],
            "time": "2020-04-24T00:28:59+00:00"
        }
    ],
    "packages-dev": [],
    "aliases": [],
    "minimum-stability": "stable",
    "stability-flags": [],
    "prefer-stable": false,
    "prefer-lowest": false,
    "platform": [],
    "platform-dev": [],
    "plugin-api-version": "1.1.0"
}
